
Microsoft Visual Studio Solution File, Format Version 12.00
# Visual Studio Version 17
VisualStudioVersion = 17.5.33516.290
MinimumVisualStudioVersion = 10.0.40219.1
Project("{FAE04EC0-301F-11D3-BF4B-00C04F79EFBC}") = "BowlingGame", "BowlingGame.csproj", "{44977854-FD8A-4C23-8632-75C6F8847542}"
EndProject
Global
	GlobalSection(SolutionConfigurationPlatforms) = preSolution
		Debug|Any CPU = Debug|Any CPU
		Release|Any CPU = Release|Any CPU
	EndGlobalSection
	GlobalSection(ProjectConfigurationPlatforms) = postSolution
		{44977854-FD8A-4C23-8632-75C6F8847542}.Debug|Any CPU.ActiveCfg = Debug|Any CPU
		{44977854-FD8A-4C23-8632-75C6F8847542}.Debug|Any CPU.Build.0 = Debug|Any CPU
		{44977854-FD8A-4C23-8632-75C6F8847542}.Release|Any CPU.ActiveCfg = Release|Any CPU
		{44977854-FD8A-4C23-8632-75C6F8847542}.Release|Any CPU.Build.0 = Release|Any CPU
	EndGlobalSection
	GlobalSection(SolutionProperties) = preSolution
		HideSolutionNode = FALSE
	EndGlobalSection
	GlobalSection(ExtensibilityGlobals) = postSolution
		SolutionGuid = {0E7A54AB-7B3C-471B-9C26-8EF0D7E9D165}
	EndGlobalSection
EndGlobal
